// !$*UTF8*$!
{
	archiveVersion = 1;
	classes = {
	};
	objectVersion = 77;
	objects = {

/* Begin PBXBuildFile section */
		36A3615B2D8014470067BE21 /* about.md in Sources */ = {isa = PBXBuildFile; fileRef = 36A361592D8014440067BE21 /* about.md */; };
		7E20DBF82DC6E04500237372 /* FirebaseAuth in Frameworks */ = {isa = PBXBuildFile; productRef = 7E20DBF72DC6E04500237372 /* FirebaseAuth */; };
		7E20DBFA2DC6E04500237372 /* FirebaseFirestore in Frameworks */ = {isa = PBXBuildFile; productRef = 7E20DBF92DC6E04500237372 /* FirebaseFirestore */; };
		7E20DBFD2DC6E18E00237372 /* FirebaseAuthUI in Frameworks */ = {isa = PBXBuildFile; productRef = 7E20DBFC2DC6E18E00237372 /* FirebaseAuthUI */; };
		7E20DBFF2DC6E18E00237372 /* FirebaseEmailAuthUI in Frameworks */ = {isa = PBXBuildFile; productRef = 7E20DBFE2DC6E18E00237372 /* FirebaseEmailAuthUI */; };
		7EEDD4012DC6D6E300872845 /* GoogleService-Info 2.plist in Resources */ = {isa = PBXBuildFile; fileRef = 7EEDD4002DC6D6E300872845 /* GoogleService-Info 2.plist */; };
/* End PBXBuildFile section */

/* Begin PBXContainerItemProxy section */
		7E41FD0E2D5C215700D1349A /* PBXContainerItemProxy */ = {
			isa = PBXContainerItemProxy;
			containerPortal = 7E41FCF52D5C215400D1349A /* Project object */;
			proxyType = 1;
			remoteGlobalIDString = 7E41FCFC2D5C215400D1349A;
			remoteInfo = GenericAPIApp;
		};
		7E41FD182D5C215700D1349A /* PBXContainerItemProxy */ = {
			isa = PBXContainerItemProxy;
			containerPortal = 7E41FCF52D5C215400D1349A /* Project object */;
			proxyType = 1;
			remoteGlobalIDString = 7E41FCFC2D5C215400D1349A;
			remoteInfo = GenericAPIApp;
		};
/* End PBXContainerItemProxy section */

/* Begin PBXFileReference section */
		36A361592D8014440067BE21 /* about.md */ = {isa = PBXFileReference; lastKnownFileType = net.daringfireball.markdown; path = about.md; sourceTree = "<group>"; };
		7E41FCFD2D5C215400D1349A /* LeagueHelper.app */ = {isa = PBXFileReference; explicitFileType = wrapper.application; includeInIndex = 0; path = LeagueHelper.app; sourceTree = BUILT_PRODUCTS_DIR; };
		7E41FD0D2D5C215700D1349A /* LeagueHelperTests.xctest */ = {isa = PBXFileReference; explicitFileType = wrapper.cfbundle; includeInIndex = 0; path = LeagueHelperTests.xctest; sourceTree = BUILT_PRODUCTS_DIR; };
		7E41FD172D5C215700D1349A /* LeagueHelperUITests.xctest */ = {isa = PBXFileReference; explicitFileType = wrapper.cfbundle; includeInIndex = 0; path = LeagueHelperUITests.xctest; sourceTree = BUILT_PRODUCTS_DIR; };
		7EEDD4002DC6D6E300872845 /* GoogleService-Info 2.plist */ = {isa = PBXFileReference; lastKnownFileType = text.plist.xml; path = "GoogleService-Info 2.plist"; sourceTree = "<group>"; };
/* End PBXFileReference section */

/* Begin PBXFileSystemSynchronizedGroupBuildPhaseMembershipExceptionSet section */
		7E0CBA512DC5AB2A003E9A35 /* Exceptions for "GenericAPIApp" folder in "Copy Bundle Resources" phase from "LeagueHelper" target */ = {
			isa = PBXFileSystemSynchronizedGroupBuildPhaseMembershipExceptionSet;
			buildPhase = 7E41FCFB2D5C215400D1349A /* Resources */;
			membershipExceptions = (
				LeagueHelperAppDelegate.swift,
			);
		};
/* End PBXFileSystemSynchronizedGroupBuildPhaseMembershipExceptionSet section */

/* Begin PBXFileSystemSynchronizedRootGroup section */
		7E41FCFF2D5C215400D1349A /* GenericAPIApp */ = {
			isa = PBXFileSystemSynchronizedRootGroup;
			exceptions = (
				7E0CBA512DC5AB2A003E9A35 /* Exceptions for "GenericAPIApp" folder in "Copy Bundle Resources" phase from "LeagueHelper" target */,
			);
			path = GenericAPIApp;
			sourceTree = "<group>";
		};
		7E41FD102D5C215700D1349A /* GenericAPIAppTests */ = {
			isa = PBXFileSystemSynchronizedRootGroup;
			path = GenericAPIAppTests;
			sourceTree = "<group>";
		};
		7E41FD1A2D5C215700D1349A /* GenericAPIAppUITests */ = {
			isa = PBXFileSystemSynchronizedRootGroup;
			path = GenericAPIAppUITests;
			sourceTree = "<group>";
		};
/* End PBXFileSystemSynchronizedRootGroup section */

/* Begin PBXFrameworksBuildPhase section */
		7E41FCFA2D5C215400D1349A /* Frameworks */ = {
			isa = PBXFrameworksBuildPhase;
			buildActionMask = 2147483647;
			files = (
				7E20DBFF2DC6E18E00237372 /* FirebaseEmailAuthUI in Frameworks */,
				7E20DBF82DC6E04500237372 /* FirebaseAuth in Frameworks */,
				7E20DBFD2DC6E18E00237372 /* FirebaseAuthUI in Frameworks */,
				7E20DBFA2DC6E04500237372 /* FirebaseFirestore in Frameworks */,
			);
			runOnlyForDeploymentPostprocessing = 0;
		};
		7E41FD0A2D5C215700D1349A /* Frameworks */ = {
			isa = PBXFrameworksBuildPhase;
			buildActionMask = 2147483647;
			files = (
			);
			runOnlyForDeploymentPostprocessing = 0;
		};
		7E41FD142D5C215700D1349A /* Frameworks */ = {
			isa = PBXFrameworksBuildPhase;
			buildActionMask = 2147483647;
			files = (
			);
			runOnlyForDeploymentPostprocessing = 0;
		};
/* End PBXFrameworksBuildPhase section */

/* Begin PBXGroup section */
		7E41FCF42D5C215400D1349A = {
			isa = PBXGroup;
			children = (
				7E41FCFF2D5C215400D1349A /* GenericAPIApp */,
				7E41FD102D5C215700D1349A /* GenericAPIAppTests */,
				7E41FD1A2D5C215700D1349A /* GenericAPIAppUITests */,
				7E41FCFE2D5C215400D1349A /* Products */,
				36A361592D8014440067BE21 /* about.md */,
				7EEDD4002DC6D6E300872845 /* GoogleService-Info 2.plist */,
				7EEDD4832DC6DB6E00872845 /* Frameworks */,
			);
			sourceTree = "<group>";
		};
		7E41FCFE2D5C215400D1349A /* Products */ = {
			isa = PBXGroup;
			children = (
				7E41FCFD2D5C215400D1349A /* LeagueHelper.app */,
				7E41FD0D2D5C215700D1349A /* LeagueHelperTests.xctest */,
				7E41FD172D5C215700D1349A /* LeagueHelperUITests.xctest */,
			);
			name = Products;
			sourceTree = "<group>";
		};
		7EEDD4832DC6DB6E00872845 /* Frameworks */ = {
			isa = PBXGroup;
			children = (
			);
			name = Frameworks;
			sourceTree = "<group>";
		};
/* End PBXGroup section */

/* Begin PBXNativeTarget section */
		7E41FCFC2D5C215400D1349A /* LeagueHelper */ = {
			isa = PBXNativeTarget;
			buildConfigurationList = 7E41FD212D5C215700D1349A /* Build configuration list for PBXNativeTarget "LeagueHelper" */;
			buildPhases = (
				7E41FCF92D5C215400D1349A /* Sources */,
				7E41FCFA2D5C215400D1349A /* Frameworks */,
				7E41FCFB2D5C215400D1349A /* Resources */,
			);
			buildRules = (
			);
			dependencies = (
			);
			fileSystemSynchronizedGroups = (
				7E41FCFF2D5C215400D1349A /* GenericAPIApp */,
			);
			name = LeagueHelper;
			packageProductDependencies = (
				7E20DBF72DC6E04500237372 /* FirebaseAuth */,
				7E20DBF92DC6E04500237372 /* FirebaseFirestore */,
				7E20DBFC2DC6E18E00237372 /* FirebaseAuthUI */,
				7E20DBFE2DC6E18E00237372 /* FirebaseEmailAuthUI */,
			);
			productName = GenericAPIApp;
			productReference = 7E41FCFD2D5C215400D1349A /* LeagueHelper.app */;
			productType = "com.apple.product-type.application";
		};
		7E41FD0C2D5C215700D1349A /* LeagueHelperTests */ = {
			isa = PBXNativeTarget;
			buildConfigurationList = 7E41FD242D5C215700D1349A /* Build configuration list for PBXNativeTarget "LeagueHelperTests" */;
			buildPhases = (
				7E41FD092D5C215700D1349A /* Sources */,
				7E41FD0A2D5C215700D1349A /* Frameworks */,
				7E41FD0B2D5C215700D1349A /* Resources */,
			);
			buildRules = (
			);
			dependencies = (
				7E41FD0F2D5C215700D1349A /* PBXTargetDependency */,
			);
			fileSystemSynchronizedGroups = (
				7E41FD102D5C215700D1349A /* GenericAPIAppTests */,
			);
			name = LeagueHelperTests;
			packageProductDependencies = (
			);
			productName = GenericAPIAppTests;
			productReference = 7E41FD0D2D5C215700D1349A /* LeagueHelperTests.xctest */;
			productType = "com.apple.product-type.bundle.unit-test";
		};
		7E41FD162D5C215700D1349A /* LeagueHelperUITests */ = {
			isa = PBXNativeTarget;
			buildConfigurationList = 7E41FD272D5C215700D1349A /* Build configuration list for PBXNativeTarget "LeagueHelperUITests" */;
			buildPhases = (
				7E41FD132D5C215700D1349A /* Sources */,
				7E41FD142D5C215700D1349A /* Frameworks */,
				7E41FD152D5C215700D1349A /* Resources */,
			);
			buildRules = (
			);
			dependencies = (
				7E41FD192D5C215700D1349A /* PBXTargetDependency */,
			);
			fileSystemSynchronizedGroups = (
				7E41FD1A2D5C215700D1349A /* GenericAPIAppUITests */,
			);
			name = LeagueHelperUITests;
			packageProductDependencies = (
			);
			productName = GenericAPIAppUITests;
			productReference = 7E41FD172D5C215700D1349A /* LeagueHelperUITests.xctest */;
			productType = "com.apple.product-type.bundle.ui-testing";
		};
/* End PBXNativeTarget section */

/* Begin PBXProject section */
		7E41FCF52D5C215400D1349A /* Project object */ = {
			isa = PBXProject;
			attributes = {
				BuildIndependentTargetsInParallel = 1;
				LastSwiftUpdateCheck = 1620;
				LastUpgradeCheck = 1620;
				TargetAttributes = {
					7E41FCFC2D5C215400D1349A = {
						CreatedOnToolsVersion = 16.2;
					};
					7E41FD0C2D5C215700D1349A = {
						CreatedOnToolsVersion = 16.2;
						TestTargetID = 7E41FCFC2D5C215400D1349A;
					};
					7E41FD162D5C215700D1349A = {
						CreatedOnToolsVersion = 16.2;
						TestTargetID = 7E41FCFC2D5C215400D1349A;
					};
				};
			};
			buildConfigurationList = 7E41FCF82D5C215400D1349A /* Build configuration list for PBXProject "LeagueHelper" */;
			developmentRegion = en;
			hasScannedForEncodings = 0;
			knownRegions = (
				en,
				Base,
			);
			mainGroup = 7E41FCF42D5C215400D1349A;
			minimizedProjectReferenceProxies = 1;
			packageReferences = (
				7E20DBF62DC6E04500237372 /* XCRemoteSwiftPackageReference "firebase-ios-sdk" */,
				7E20DBFB2DC6E18E00237372 /* XCRemoteSwiftPackageReference "FirebaseUI-iOS" */,
			);
			preferredProjectObjectVersion = 77;
			productRefGroup = 7E41FCFE2D5C215400D1349A /* Products */;
			projectDirPath = "";
			projectRoot = "";
			targets = (
				7E41FCFC2D5C215400D1349A /* LeagueHelper */,
				7E41FD0C2D5C215700D1349A /* LeagueHelperTests */,
				7E41FD162D5C215700D1349A /* LeagueHelperUITests */,
			);
		};
/* End PBXProject section */

/* Begin PBXResourcesBuildPhase section */
		7E41FCFB2D5C215400D1349A /* Resources */ = {
			isa = PBXResourcesBuildPhase;
			buildActionMask = 2147483647;
			files = (
				7EEDD4012DC6D6E300872845 /* GoogleService-Info 2.plist in Resources */,
			);
			runOnlyForDeploymentPostprocessing = 0;
		};
		7E41FD0B2D5C215700D1349A /* Resources */ = {
			isa = PBXResourcesBuildPhase;
			buildActionMask = 2147483647;
			files = (
			);
			runOnlyForDeploymentPostprocessing = 0;
		};
		7E41FD152D5C215700D1349A /* Resources */ = {
			isa = PBXResourcesBuildPhase;
			buildActionMask = 2147483647;
			files = (
			);
			runOnlyForDeploymentPostprocessing = 0;
		};
/* End PBXResourcesBuildPhase section */

/* Begin PBXSourcesBuildPhase section */
		7E41FCF92D5C215400D1349A /* Sources */ = {
			isa = PBXSourcesBuildPhase;
			buildActionMask = 2147483647;
			files = (
				36A3615B2D8014470067BE21 /* about.md in Sources */,
			);
			runOnlyForDeploymentPostprocessing = 0;
		};
		7E41FD092D5C215700D1349A /* Sources */ = {
			isa = PBXSourcesBuildPhase;
			buildActionMask = 2147483647;
			files = (
			);
			runOnlyForDeploymentPostprocessing = 0;
		};
		7E41FD132D5C215700D1349A /* Sources */ = {
			isa = PBXSourcesBuildPhase;
			buildActionMask = 2147483647;
			files = (
			);
			runOnlyForDeploymentPostprocessing = 0;
		};
/* End PBXSourcesBuildPhase section */

/* Begin PBXTargetDependency section */
		7E41FD0F2D5C215700D1349A /* PBXTargetDependency */ = {
			isa = PBXTargetDependency;
			target = 7E41FCFC2D5C215400D1349A /* LeagueHelper */;
			targetProxy = 7E41FD0E2D5C215700D1349A /* PBXContainerItemProxy */;
		};
		7E41FD192D5C215700D1349A /* PBXTargetDependency */ = {
			isa = PBXTargetDependency;
			target = 7E41FCFC2D5C215400D1349A /* LeagueHelper */;
			targetProxy = 7E41FD182D5C215700D1349A /* PBXContainerItemProxy */;
		};
/* End PBXTargetDependency section */

/* Begin XCBuildConfiguration section */
		7E41FD1F2D5C215700D1349A /* Debug */ = {
			isa = XCBuildConfiguration;
			buildSettings = {
				ALWAYS_SEARCH_USER_PATHS = NO;
				ASSETCATALOG_COMPILER_GENERATE_SWIFT_ASSET_SYMBOL_EXTENSIONS = YES;
				CLANG_ANALYZER_NONNULL = YES;
				CLANG_ANALYZER_NUMBER_OBJECT_CONVERSION = YES_AGGRESSIVE;
				CLANG_CXX_LANGUAGE_STANDARD = "gnu++20";
				CLANG_ENABLE_MODULES = YES;
				CLANG_ENABLE_OBJC_ARC = YES;
				CLANG_ENABLE_OBJC_WEAK = YES;
				CLANG_WARN_BLOCK_CAPTURE_AUTORELEASING = YES;
				CLANG_WARN_BOOL_CONVERSION = YES;
				CLANG_WARN_COMMA = YES;
				CLANG_WARN_CONSTANT_CONVERSION = YES;
				CLANG_WARN_DEPRECATED_OBJC_IMPLEMENTATIONS = YES;
				CLANG_WARN_DIRECT_OBJC_ISA_USAGE = YES_ERROR;
				CLANG_WARN_DOCUMENTATION_COMMENTS = YES;
				CLANG_WARN_EMPTY_BODY = YES;
				CLANG_WARN_ENUM_CONVERSION = YES;
				CLANG_WARN_INFINITE_RECURSION = YES;
				CLANG_WARN_INT_CONVERSION = YES;
				CLANG_WARN_NON_LITERAL_NULL_CONVERSION = YES;
				CLANG_WARN_OBJC_IMPLICIT_RETAIN_SELF = YES;
				CLANG_WARN_OBJC_LITERAL_CONVERSION = YES;
				CLANG_WARN_OBJC_ROOT_CLASS = YES_ERROR;
				CLANG_WARN_QUOTED_INCLUDE_IN_FRAMEWORK_HEADER = YES;
				CLANG_WARN_RANGE_LOOP_ANALYSIS = YES;
				CLANG_WARN_STRICT_PROTOTYPES = YES;
				CLANG_WARN_SUSPICIOUS_MOVE = YES;
				CLANG_WARN_UNGUARDED_AVAILABILITY = YES_AGGRESSIVE;
				CLANG_WARN_UNREACHABLE_CODE = YES;
				CLANG_WARN__DUPLICATE_METHOD_MATCH = YES;
				COPY_PHASE_STRIP = NO;
				DEBUG_INFORMATION_FORMAT = dwarf;
				ENABLE_STRICT_OBJC_MSGSEND = YES;
				ENABLE_TESTABILITY = YES;
				ENABLE_USER_SCRIPT_SANDBOXING = YES;
				GCC_C_LANGUAGE_STANDARD = gnu17;
				GCC_DYNAMIC_NO_PIC = NO;
				GCC_NO_COMMON_BLOCKS = YES;
				GCC_OPTIMIZATION_LEVEL = 0;
				GCC_PREPROCESSOR_DEFINITIONS = (
					"DEBUG=1",
					"$(inherited)",
				);
				GCC_WARN_64_TO_32_BIT_CONVERSION = YES;
				GCC_WARN_ABOUT_RETURN_TYPE = YES_ERROR;
				GCC_WARN_UNDECLARED_SELECTOR = YES;
				GCC_WARN_UNINITIALIZED_AUTOS = YES_AGGRESSIVE;
				GCC_WARN_UNUSED_FUNCTION = YES;
				GCC_WARN_UNUSED_VARIABLE = YES;
				IPHONEOS_DEPLOYMENT_TARGET = 18.2;
				LOCALIZATION_PREFERS_STRING_CATALOGS = YES;
				MTL_ENABLE_DEBUG_INFO = INCLUDE_SOURCE;
				MTL_FAST_MATH = YES;
				ONLY_ACTIVE_ARCH = YES;
				SDKROOT = iphoneos;
				SWIFT_ACTIVE_COMPILATION_CONDITIONS = "DEBUG $(inherited)";
				SWIFT_OPTIMIZATION_LEVEL = "-Onone";
			};
			name = Debug;
		};
		7E41FD202D5C215700D1349A /* Release */ = {
			isa = XCBuildConfiguration;
			buildSettings = {
				ALWAYS_SEARCH_USER_PATHS = NO;
				ASSETCATALOG_COMPILER_GENERATE_SWIFT_ASSET_SYMBOL_EXTENSIONS = YES;
				CLANG_ANALYZER_NONNULL = YES;
				CLANG_ANALYZER_NUMBER_OBJECT_CONVERSION = YES_AGGRESSIVE;
				CLANG_CXX_LANGUAGE_STANDARD = "gnu++20";
				CLANG_ENABLE_MODULES = YES;
				CLANG_ENABLE_OBJC_ARC = YES;
				CLANG_ENABLE_OBJC_WEAK = YES;
				CLANG_WARN_BLOCK_CAPTURE_AUTORELEASING = YES;
				CLANG_WARN_BOOL_CONVERSION = YES;
				CLANG_WARN_COMMA = YES;
				CLANG_WARN_CONSTANT_CONVERSION = YES;
				CLANG_WARN_DEPRECATED_OBJC_IMPLEMENTATIONS = YES;
				CLANG_WARN_DIRECT_OBJC_ISA_USAGE = YES_ERROR;
				CLANG_WARN_DOCUMENTATION_COMMENTS = YES;
				CLANG_WARN_EMPTY_BODY = YES;
				CLANG_WARN_ENUM_CONVERSION = YES;
				CLANG_WARN_INFINITE_RECURSION = YES;
				CLANG_WARN_INT_CONVERSION = YES;
				CLANG_WARN_NON_LITERAL_NULL_CONVERSION = YES;
				CLANG_WARN_OBJC_IMPLICIT_RETAIN_SELF = YES;
				CLANG_WARN_OBJC_LITERAL_CONVERSION = YES;
				CLANG_WARN_OBJC_ROOT_CLASS = YES_ERROR;
				CLANG_WARN_QUOTED_INCLUDE_IN_FRAMEWORK_HEADER = YES;
				CLANG_WARN_RANGE_LOOP_ANALYSIS = YES;
				CLANG_WARN_STRICT_PROTOTYPES = YES;
				CLANG_WARN_SUSPICIOUS_MOVE = YES;
				CLANG_WARN_UNGUARDED_AVAILABILITY = YES_AGGRESSIVE;
				CLANG_WARN_UNREACHABLE_CODE = YES;
				CLANG_WARN__DUPLICATE_METHOD_MATCH = YES;
				COPY_PHASE_STRIP = NO;
				DEBUG_INFORMATION_FORMAT = "dwarf-with-dsym";
				ENABLE_NS_ASSERTIONS = NO;
				ENABLE_STRICT_OBJC_MSGSEND = YES;
				ENABLE_USER_SCRIPT_SANDBOXING = YES;
				GCC_C_LANGUAGE_STANDARD = gnu17;
				GCC_NO_COMMON_BLOCKS = YES;
				GCC_WARN_64_TO_32_BIT_CONVERSION = YES;
				GCC_WARN_ABOUT_RETURN_TYPE = YES_ERROR;
				GCC_WARN_UNDECLARED_SELECTOR = YES;
				GCC_WARN_UNINITIALIZED_AUTOS = YES_AGGRESSIVE;
				GCC_WARN_UNUSED_FUNCTION = YES;
				GCC_WARN_UNUSED_VARIABLE = YES;
				IPHONEOS_DEPLOYMENT_TARGET = 18.2;
				LOCALIZATION_PREFERS_STRING_CATALOGS = YES;
				MTL_ENABLE_DEBUG_INFO = NO;
				MTL_FAST_MATH = YES;
				SDKROOT = iphoneos;
				SWIFT_COMPILATION_MODE = wholemodule;
				VALIDATE_PRODUCT = YES;
			};
			name = Release;
		};
		7E41FD222D5C215700D1349A /* Debug */ = {
			isa = XCBuildConfiguration;
			buildSettings = {
				ASSETCATALOG_COMPILER_APPICON_NAME = AppIcon;
				ASSETCATALOG_COMPILER_GLOBAL_ACCENT_COLOR_NAME = AccentColor;
				CODE_SIGN_STYLE = Automatic;
				CURRENT_PROJECT_VERSION = 1;
				DEVELOPMENT_ASSET_PATHS = "\"GenericAPIApp/Preview Content\"";
				ENABLE_PREVIEWS = YES;
				GENERATE_INFOPLIST_FILE = YES;
				INFOPLIST_KEY_UIApplicationSceneManifest_Generation = YES;
				INFOPLIST_KEY_UIApplicationSupportsIndirectInputEvents = YES;
				INFOPLIST_KEY_UILaunchScreen_Generation = YES;
				INFOPLIST_KEY_UISupportedInterfaceOrientations_iPad = "UIInterfaceOrientationPortrait UIInterfaceOrientationPortraitUpsideDown UIInterfaceOrientationLandscapeLeft UIInterfaceOrientationLandscapeRight";
				INFOPLIST_KEY_UISupportedInterfaceOrientations_iPhone = "UIInterfaceOrientationPortrait UIInterfaceOrientationLandscapeLeft UIInterfaceOrientationLandscapeRight";
				LD_RUNPATH_SEARCH_PATHS = (
					"$(inherited)",
					"@executable_path/Frameworks",
				);
				MARKETING_VERSION = 1.0;
				PRODUCT_BUNDLE_IDENTIFIER = LucaP.GenericAPIApp;
				PRODUCT_NAME = "$(TARGET_NAME)";
				SWIFT_EMIT_LOC_STRINGS = YES;
				SWIFT_VERSION = 5.0;
				TARGETED_DEVICE_FAMILY = "1,2";
			};
			name = Debug;
		};
		7E41FD232D5C215700D1349A /* Release */ = {
			isa = XCBuildConfiguration;
			buildSettings = {
				ASSETCATALOG_COMPILER_APPICON_NAME = AppIcon;
				ASSETCATALOG_COMPILER_GLOBAL_ACCENT_COLOR_NAME = AccentColor;
				CODE_SIGN_STYLE = Automatic;
				CURRENT_PROJECT_VERSION = 1;
				DEVELOPMENT_ASSET_PATHS = "\"GenericAPIApp/Preview Content\"";
				ENABLE_PREVIEWS = YES;
				GENERATE_INFOPLIST_FILE = YES;
				INFOPLIST_KEY_UIApplicationSceneManifest_Generation = YES;
				INFOPLIST_KEY_UIApplicationSupportsIndirectInputEvents = YES;
				INFOPLIST_KEY_UILaunchScreen_Generation = YES;
				INFOPLIST_KEY_UISupportedInterfaceOrientations_iPad = "UIInterfaceOrientationPortrait UIInterfaceOrientationPortraitUpsideDown UIInterfaceOrientationLandscapeLeft UIInterfaceOrientationLandscapeRight";
				INFOPLIST_KEY_UISupportedInterfaceOrientations_iPhone = "UIInterfaceOrientationPortrait UIInterfaceOrientationLandscapeLeft UIInterfaceOrientationLandscapeRight";
				LD_RUNPATH_SEARCH_PATHS = (
					"$(inherited)",
					"@executable_path/Frameworks",
				);
				MARKETING_VERSION = 1.0;
				PRODUCT_BUNDLE_IDENTIFIER = LucaP.GenericAPIApp;
				PRODUCT_NAME = "$(TARGET_NAME)";
				SWIFT_EMIT_LOC_STRINGS = YES;
				SWIFT_VERSION = 5.0;
				TARGETED_DEVICE_FAMILY = "1,2";
			};
			name = Release;
		};
		7E41FD252D5C215700D1349A /* Debug */ = {
			isa = XCBuildConfiguration;
			buildSettings = {
				BUNDLE_LOADER = "$(TEST_HOST)";
				CODE_SIGN_STYLE = Automatic;
				CURRENT_PROJECT_VERSION = 1;
				GENERATE_INFOPLIST_FILE = YES;
				IPHONEOS_DEPLOYMENT_TARGET = 18.2;
				MARKETING_VERSION = 1.0;
				PRODUCT_BUNDLE_IDENTIFIER = LucaP.GenericAPIAppTests;
				PRODUCT_NAME = "$(TARGET_NAME)";
				SWIFT_EMIT_LOC_STRINGS = NO;
				SWIFT_VERSION = 5.0;
				TARGETED_DEVICE_FAMILY = "1,2";
				TEST_HOST = "$(BUILT_PRODUCTS_DIR)/LeagueHelper.app/$(BUNDLE_EXECUTABLE_FOLDER_PATH)/LeagueHelper";
			};
			name = Debug;
		};
		7E41FD262D5C215700D1349A /* Release */ = {
			isa = XCBuildConfiguration;
			buildSettings = {
				BUNDLE_LOADER = "$(TEST_HOST)";
				CODE_SIGN_STYLE = Automatic;
				CURRENT_PROJECT_VERSION = 1;
				GENERATE_INFOPLIST_FILE = YES;
				IPHONEOS_DEPLOYMENT_TARGET = 18.2;
				MARKETING_VERSION = 1.0;
				PRODUCT_BUNDLE_IDENTIFIER = LucaP.GenericAPIAppTests;
				PRODUCT_NAME = "$(TARGET_NAME)";
				SWIFT_EMIT_LOC_STRINGS = NO;
				SWIFT_VERSION = 5.0;
				TARGETED_DEVICE_FAMILY = "1,2";
				TEST_HOST = "$(BUILT_PRODUCTS_DIR)/LeagueHelper.app/$(BUNDLE_EXECUTABLE_FOLDER_PATH)/LeagueHelper";
			};
			name = Release;
		};
		7E41FD282D5C215700D1349A /* Debug */ = {
			isa = XCBuildConfiguration;
			buildSettings = {
				CODE_SIGN_STYLE = Automatic;
				CURRENT_PROJECT_VERSION = 1;
				GENERATE_INFOPLIST_FILE = YES;
				MARKETING_VERSION = 1.0;
				PRODUCT_BUNDLE_IDENTIFIER = LucaP.GenericAPIAppUITests;
				PRODUCT_NAME = "$(TARGET_NAME)";
				SWIFT_EMIT_LOC_STRINGS = NO;
				SWIFT_VERSION = 5.0;
				TARGETED_DEVICE_FAMILY = "1,2";
				TEST_TARGET_NAME = GenericAPIApp;
			};
			name = Debug;
		};
		7E41FD292D5C215700D1349A /* Release */ = {
			isa = XCBuildConfiguration;
			buildSettings = {
				CODE_SIGN_STYLE = Automatic;
				CURRENT_PROJECT_VERSION = 1;
				GENERATE_INFOPLIST_FILE = YES;
				MARKETING_VERSION = 1.0;
				PRODUCT_BUNDLE_IDENTIFIER = LucaP.GenericAPIAppUITests;
				PRODUCT_NAME = "$(TARGET_NAME)";
				SWIFT_EMIT_LOC_STRINGS = NO;
				SWIFT_VERSION = 5.0;
				TARGETED_DEVICE_FAMILY = "1,2";
				TEST_TARGET_NAME = GenericAPIApp;
			};
			name = Release;
		};
/* End XCBuildConfiguration section */

/* Begin XCConfigurationList section */
		7E41FCF82D5C215400D1349A /* Build configuration list for PBXProject "LeagueHelper" */ = {
			isa = XCConfigurationList;
			buildConfigurations = (
				7E41FD1F2D5C215700D1349A /* Debug */,
				7E41FD202D5C215700D1349A /* Release */,
			);
			defaultConfigurationIsVisible = 0;
			defaultConfigurationName = Release;
		};
		7E41FD212D5C215700D1349A /* Build configuration list for PBXNativeTarget "LeagueHelper" */ = {
			isa = XCConfigurationList;
			buildConfigurations = (
				7E41FD222D5C215700D1349A /* Debug */,
				7E41FD232D5C215700D1349A /* Release */,
			);
			defaultConfigurationIsVisible = 0;
			defaultConfigurationName = Release;
		};
		7E41FD242D5C215700D1349A /* Build configuration list for PBXNativeTarget "LeagueHelperTests" */ = {
			isa = XCConfigurationList;
			buildConfigurations = (
				7E41FD252D5C215700D1349A /* Debug */,
				7E41FD262D5C215700D1349A /* Release */,
			);
			defaultConfigurationIsVisible = 0;
			defaultConfigurationName = Release;
		};
		7E41FD272D5C215700D1349A /* Build configuration list for PBXNativeTarget "LeagueHelperUITests" */ = {
			isa = XCConfigurationList;
			buildConfigurations = (
				7E41FD282D5C215700D1349A /* Debug */,
				7E41FD292D5C215700D1349A /* Release */,
			);
			defaultConfigurationIsVisible = 0;
			defaultConfigurationName = Release;
		};
/* End XCConfigurationList section */

/* Begin XCRemoteSwiftPackageReference section */
		7E20DBF62DC6E04500237372 /* XCRemoteSwiftPackageReference "firebase-ios-sdk" */ = {
			isa = XCRemoteSwiftPackageReference;
			repositoryURL = "https://github.com/firebase/firebase-ios-sdk.git";
			requirement = {
				kind = upToNextMajorVersion;
				minimumVersion = 10.29.0;
			};
		};
		7E20DBFB2DC6E18E00237372 /* XCRemoteSwiftPackageReference "FirebaseUI-iOS" */ = {
			isa = XCRemoteSwiftPackageReference;
			repositoryURL = "https://github.com/firebase/FirebaseUI-iOS.git";
			requirement = {
				kind = upToNextMajorVersion;
				minimumVersion = 13.1.0;
			};
		};
/* End XCRemoteSwiftPackageReference section */

/* Begin XCSwiftPackageProductDependency section */
		7E20DBF72DC6E04500237372 /* FirebaseAuth */ = {
			isa = XCSwiftPackageProductDependency;
			package = 7E20DBF62DC6E04500237372 /* XCRemoteSwiftPackageReference "firebase-ios-sdk" */;
			productName = FirebaseAuth;
		};
		7E20DBF92DC6E04500237372 /* FirebaseFirestore */ = {
			isa = XCSwiftPackageProductDependency;
			package = 7E20DBF62DC6E04500237372 /* XCRemoteSwiftPackageReference "firebase-ios-sdk" */;
			productName = FirebaseFirestore;
		};
		7E20DBFC2DC6E18E00237372 /* FirebaseAuthUI */ = {
			isa = XCSwiftPackageProductDependency;
			package = 7E20DBFB2DC6E18E00237372 /* XCRemoteSwiftPackageReference "FirebaseUI-iOS" */;
			productName = FirebaseAuthUI;
		};
		7E20DBFE2DC6E18E00237372 /* FirebaseEmailAuthUI */ = {
			isa = XCSwiftPackageProductDependency;
			package = 7E20DBFB2DC6E18E00237372 /* XCRemoteSwiftPackageReference "FirebaseUI-iOS" */;
			productName = FirebaseEmailAuthUI;
		};
/* End XCSwiftPackageProductDependency section */
	};
	rootObject = 7E41FCF52D5C215400D1349A /* Project object */;
}
